// !$*UTF8*$!
{
	archiveVersion = 1;
	classes = {
	};
	objectVersion = 50;
	objects = {

/* Begin PBXBuildFile section */
		0007823624580BE600646A52 /* AppDelegate.swift in Sources */ = {isa = PBXBuildFile; fileRef = 0007823524580BE600646A52 /* AppDelegate.swift */; };
		0007823824580BE600646A52 /* SceneDelegate.swift in Sources */ = {isa = PBXBuildFile; fileRef = 0007823724580BE600646A52 /* SceneDelegate.swift */; };
		0007823A24580BE600646A52 /* ContentView.swift in Sources */ = {isa = PBXBuildFile; fileRef = 0007823924580BE600646A52 /* ContentView.swift */; };
		0007823C24580BEF00646A52 /* Assets.xcassets in Resources */ = {isa = PBXBuildFile; fileRef = 0007823B24580BEF00646A52 /* Assets.xcassets */; };
		0007823F24580BEF00646A52 /* Preview Assets.xcassets in Resources */ = {isa = PBXBuildFile; fileRef = 0007823E24580BEF00646A52 /* Preview Assets.xcassets */; };
		0007824224580BEF00646A52 /* LaunchScreen.storyboard in Resources */ = {isa = PBXBuildFile; fileRef = 0007824024580BEF00646A52 /* LaunchScreen.storyboard */; };
		0007824D24580BEF00646A52 /* DesignCodeTests.swift in Sources */ = {isa = PBXBuildFile; fileRef = 0007824C24580BEF00646A52 /* DesignCodeTests.swift */; };
		0007825824580BEF00646A52 /* DesignCodeUITests.swift in Sources */ = {isa = PBXBuildFile; fileRef = 0007825724580BEF00646A52 /* DesignCodeUITests.swift */; };
		0007826624591A2F00646A52 /* MenuView.swift in Sources */ = {isa = PBXBuildFile; fileRef = 0007826524591A2F00646A52 /* MenuView.swift */; };
		000949E8245FB9A8008F7C51 /* TabbarView.swift in Sources */ = {isa = PBXBuildFile; fileRef = 000949E7245FB9A8008F7C51 /* TabbarView.swift */; };
		000949EA245FE976008F7C51 /* RingView.swift in Sources */ = {isa = PBXBuildFile; fileRef = 000949E9245FE976008F7C51 /* RingView.swift */; };
		000949EC24600ACE008F7C51 /* Modifiers.swift in Sources */ = {isa = PBXBuildFile; fileRef = 000949EB24600ACE008F7C51 /* Modifiers.swift */; };
		00094A2024601043008F7C51 /* ChelseaMarket-Regular.ttf in Resources */ = {isa = PBXBuildFile; fileRef = 00094A1E24601043008F7C51 /* ChelseaMarket-Regular.ttf */; };
		00094A2124601043008F7C51 /* OFL.txt in Resources */ = {isa = PBXBuildFile; fileRef = 00094A1F24601043008F7C51 /* OFL.txt */; };
		0027740124592CF000F2E9F4 /* HomeView.swift in Sources */ = {isa = PBXBuildFile; fileRef = 0027740024592CF000F2E9F4 /* HomeView.swift */; };
		00933A6F245973F2000F8696 /* HomeTopView.swift in Sources */ = {isa = PBXBuildFile; fileRef = 00933A6E245973F2000F8696 /* HomeTopView.swift */; };
		00933A71245ABA58000F8696 /* UpdateListView.swift in Sources */ = {isa = PBXBuildFile; fileRef = 00933A70245ABA57000F8696 /* UpdateListView.swift */; };
		00933A73245AC5F5000F8696 /* UpdateDetailView.swift in Sources */ = {isa = PBXBuildFile; fileRef = 00933A72245AC5F5000F8696 /* UpdateDetailView.swift */; };
		00933A75245ACAC5000F8696 /* UpdateStore.swift in Sources */ = {isa = PBXBuildFile; fileRef = 00933A74245ACAC5000F8696 /* UpdateStore.swift */; };
		00FCD1C1246107440037CDA8 /* CourseListView.swift in Sources */ = {isa = PBXBuildFile; fileRef = 00FCD1C0246107440037CDA8 /* CourseListView.swift */; };
/* End PBXBuildFile section */

/* Begin PBXContainerItemProxy section */
		0007824924580BEF00646A52 /* PBXContainerItemProxy */ = {
			isa = PBXContainerItemProxy;
			containerPortal = 0007822A24580BE600646A52 /* Project object */;
			proxyType = 1;
			remoteGlobalIDString = 0007823124580BE600646A52;
			remoteInfo = DesignCode;
		};
		0007825424580BEF00646A52 /* PBXContainerItemProxy */ = {
			isa = PBXContainerItemProxy;
			containerPortal = 0007822A24580BE600646A52 /* Project object */;
			proxyType = 1;
			remoteGlobalIDString = 0007823124580BE600646A52;
			remoteInfo = DesignCode;
		};
/* End PBXContainerItemProxy section */

/* Begin PBXFileReference section */
		0007823224580BE600646A52 /* DesignCode.app */ = {isa = PBXFileReference; explicitFileType = wrapper.application; includeInIndex = 0; path = DesignCode.app; sourceTree = BUILT_PRODUCTS_DIR; };
		0007823524580BE600646A52 /* AppDelegate.swift */ = {isa = PBXFileReference; lastKnownFileType = sourcecode.swift; path = AppDelegate.swift; sourceTree = "<group>"; };
		0007823724580BE600646A52 /* SceneDelegate.swift */ = {isa = PBXFileReference; lastKnownFileType = sourcecode.swift; path = SceneDelegate.swift; sourceTree = "<group>"; };
		0007823924580BE600646A52 /* ContentView.swift */ = {isa = PBXFileReference; lastKnownFileType = sourcecode.swift; path = ContentView.swift; sourceTree = "<group>"; };
		0007823B24580BEF00646A52 /* Assets.xcassets */ = {isa = PBXFileReference; lastKnownFileType = folder.assetcatalog; path = Assets.xcassets; sourceTree = "<group>"; };
		0007823E24580BEF00646A52 /* Preview Assets.xcassets */ = {isa = PBXFileReference; lastKnownFileType = folder.assetcatalog; path = "Preview Assets.xcassets"; sourceTree = "<group>"; };
		0007824124580BEF00646A52 /* Base */ = {isa = PBXFileReference; lastKnownFileType = file.storyboard; name = Base; path = Base.lproj/LaunchScreen.storyboard; sourceTree = "<group>"; };
		0007824324580BEF00646A52 /* Info.plist */ = {isa = PBXFileReference; lastKnownFileType = text.plist.xml; path = Info.plist; sourceTree = "<group>"; };
		0007824824580BEF00646A52 /* DesignCodeTests.xctest */ = {isa = PBXFileReference; explicitFileType = wrapper.cfbundle; includeInIndex = 0; path = DesignCodeTests.xctest; sourceTree = BUILT_PRODUCTS_DIR; };
		0007824C24580BEF00646A52 /* DesignCodeTests.swift */ = {isa = PBXFileReference; lastKnownFileType = sourcecode.swift; path = DesignCodeTests.swift; sourceTree = "<group>"; };
		0007824E24580BEF00646A52 /* Info.plist */ = {isa = PBXFileReference; lastKnownFileType = text.plist.xml; path = Info.plist; sourceTree = "<group>"; };
		0007825324580BEF00646A52 /* DesignCodeUITests.xctest */ = {isa = PBXFileReference; explicitFileType = wrapper.cfbundle; includeInIndex = 0; path = DesignCodeUITests.xctest; sourceTree = BUILT_PRODUCTS_DIR; };
		0007825724580BEF00646A52 /* DesignCodeUITests.swift */ = {isa = PBXFileReference; lastKnownFileType = sourcecode.swift; path = DesignCodeUITests.swift; sourceTree = "<group>"; };
		0007825924580BEF00646A52 /* Info.plist */ = {isa = PBXFileReference; lastKnownFileType = text.plist.xml; path = Info.plist; sourceTree = "<group>"; };
		0007826524591A2F00646A52 /* MenuView.swift */ = {isa = PBXFileReference; lastKnownFileType = sourcecode.swift; path = MenuView.swift; sourceTree = "<group>"; };
		000949E7245FB9A8008F7C51 /* TabbarView.swift */ = {isa = PBXFileReference; lastKnownFileType = sourcecode.swift; path = TabbarView.swift; sourceTree = "<group>"; };
		000949E9245FE976008F7C51 /* RingView.swift */ = {isa = PBXFileReference; lastKnownFileType = sourcecode.swift; path = RingView.swift; sourceTree = "<group>"; };
		000949EB24600ACE008F7C51 /* Modifiers.swift */ = {isa = PBXFileReference; lastKnownFileType = sourcecode.swift; path = Modifiers.swift; sourceTree = "<group>"; };
		00094A1E24601043008F7C51 /* ChelseaMarket-Regular.ttf */ = {isa = PBXFileReference; lastKnownFileType = file; path = "ChelseaMarket-Regular.ttf"; sourceTree = "<group>"; };
		00094A1F24601043008F7C51 /* OFL.txt */ = {isa = PBXFileReference; fileEncoding = 4; lastKnownFileType = text; path = OFL.txt; sourceTree = "<group>"; };
		0027740024592CF000F2E9F4 /* HomeView.swift */ = {isa = PBXFileReference; lastKnownFileType = sourcecode.swift; path = HomeView.swift; sourceTree = "<group>"; };
		00933A6E245973F2000F8696 /* HomeTopView.swift */ = {isa = PBXFileReference; lastKnownFileType = sourcecode.swift; path = HomeTopView.swift; sourceTree = "<group>"; };
		00933A70245ABA57000F8696 /* UpdateListView.swift */ = {isa = PBXFileReference; lastKnownFileType = sourcecode.swift; path = UpdateListView.swift; sourceTree = "<group>"; };
		00933A72245AC5F5000F8696 /* UpdateDetailView.swift */ = {isa = PBXFileReference; lastKnownFileType = sourcecode.swift; path = UpdateDetailView.swift; sourceTree = "<group>"; };
		00933A74245ACAC5000F8696 /* UpdateStore.swift */ = {isa = PBXFileReference; lastKnownFileType = sourcecode.swift; path = UpdateStore.swift; sourceTree = "<group>"; };
		00FCD1C0246107440037CDA8 /* CourseListView.swift */ = {isa = PBXFileReference; lastKnownFileType = sourcecode.swift; path = CourseListView.swift; sourceTree = "<group>"; };
/* End PBXFileReference section */

/* Begin PBXFrameworksBuildPhase section */
		0007822F24580BE600646A52 /* Frameworks */ = {
			isa = PBXFrameworksBuildPhase;
			buildActionMask = 2147483647;
			files = (
			);
			runOnlyForDeploymentPostprocessing = 0;
		};
		0007824524580BEF00646A52 /* Frameworks */ = {
			isa = PBXFrameworksBuildPhase;
			buildActionMask = 2147483647;
			files = (
			);
			runOnlyForDeploymentPostprocessing = 0;
		};
		0007825024580BEF00646A52 /* Frameworks */ = {
			isa = PBXFrameworksBuildPhase;
			buildActionMask = 2147483647;
			files = (
			);
			runOnlyForDeploymentPostprocessing = 0;
		};
/* End PBXFrameworksBuildPhase section */

/* Begin PBXGroup section */
		0007822924580BE600646A52 = {
			isa = PBXGroup;
			children = (
				0007823424580BE600646A52 /* DesignCode */,
				0007824B24580BEF00646A52 /* DesignCodeTests */,
				0007825624580BEF00646A52 /* DesignCodeUITests */,
				0007823324580BE600646A52 /* Products */,
			);
			sourceTree = "<group>";
		};
		0007823324580BE600646A52 /* Products */ = {
			isa = PBXGroup;
			children = (
				0007823224580BE600646A52 /* DesignCode.app */,
				0007824824580BEF00646A52 /* DesignCodeTests.xctest */,
				0007825324580BEF00646A52 /* DesignCodeUITests.xctest */,
			);
			name = Products;
			sourceTree = "<group>";
		};
		0007823424580BE600646A52 /* DesignCode */ = {
			isa = PBXGroup;
			children = (
				0007823524580BE600646A52 /* AppDelegate.swift */,
				0007823724580BE600646A52 /* SceneDelegate.swift */,
				0007823924580BE600646A52 /* ContentView.swift */,
				0007826524591A2F00646A52 /* MenuView.swift */,
				00933A70245ABA57000F8696 /* UpdateListView.swift */,
				00933A72245AC5F5000F8696 /* UpdateDetailView.swift */,
				00933A74245ACAC5000F8696 /* UpdateStore.swift */,
				000949E9245FE976008F7C51 /* RingView.swift */,
				0027740024592CF000F2E9F4 /* HomeView.swift */,
				00FCD1C0246107440037CDA8 /* CourseListView.swift */,
				00933A6E245973F2000F8696 /* HomeTopView.swift */,
				000949EB24600ACE008F7C51 /* Modifiers.swift */,
				000949E7245FB9A8008F7C51 /* TabbarView.swift */,
				0007823B24580BEF00646A52 /* Assets.xcassets */,
				00094A1D24601043008F7C51 /* Chelsea_Market */,
				0007824024580BEF00646A52 /* LaunchScreen.storyboard */,
				0007824324580BEF00646A52 /* Info.plist */,
				0007823D24580BEF00646A52 /* Preview Content */,
			);
			path = DesignCode;
			sourceTree = "<group>";
		};
		0007823D24580BEF00646A52 /* Preview Content */ = {
			isa = PBXGroup;
			children = (
				0007823E24580BEF00646A52 /* Preview Assets.xcassets */,
			);
			path = "Preview Content";
			sourceTree = "<group>";
		};
		0007824B24580BEF00646A52 /* DesignCodeTests */ = {
			isa = PBXGroup;
			children = (
				0007824C24580BEF00646A52 /* DesignCodeTests.swift */,
				0007824E24580BEF00646A52 /* Info.plist */,
			);
			path = DesignCodeTests;
			sourceTree = "<group>";
		};
		0007825624580BEF00646A52 /* DesignCodeUITests */ = {
			isa = PBXGroup;
			children = (
				0007825724580BEF00646A52 /* DesignCodeUITests.swift */,
				0007825924580BEF00646A52 /* Info.plist */,
			);
			path = DesignCodeUITests;
			sourceTree = "<group>";
		};
		00094A1D24601043008F7C51 /* Chelsea_Market */ = {
			isa = PBXGroup;
			children = (
				00094A1E24601043008F7C51 /* ChelseaMarket-Regular.ttf */,
				00094A1F24601043008F7C51 /* OFL.txt */,
			);
			path = Chelsea_Market;
			sourceTree = "<group>";
		};
/* End PBXGroup section */

/* Begin PBXNativeTarget section */
		0007823124580BE600646A52 /* DesignCode */ = {
			isa = PBXNativeTarget;
			buildConfigurationList = 0007825C24580BEF00646A52 /* Build configuration list for PBXNativeTarget "DesignCode" */;
			buildPhases = (
				0007822E24580BE600646A52 /* Sources */,
				0007822F24580BE600646A52 /* Frameworks */,
				0007823024580BE600646A52 /* Resources */,
			);
			buildRules = (
			);
			dependencies = (
			);
			name = DesignCode;
			productName = DesignCode;
			productReference = 0007823224580BE600646A52 /* DesignCode.app */;
			productType = "com.apple.product-type.application";
		};
		0007824724580BEF00646A52 /* DesignCodeTests */ = {
			isa = PBXNativeTarget;
			buildConfigurationList = 0007825F24580BEF00646A52 /* Build configuration list for PBXNativeTarget "DesignCodeTests" */;
			buildPhases = (
				0007824424580BEF00646A52 /* Sources */,
				0007824524580BEF00646A52 /* Frameworks */,
				0007824624580BEF00646A52 /* Resources */,
			);
			buildRules = (
			);
			dependencies = (
				0007824A24580BEF00646A52 /* PBXTargetDependency */,
			);
			name = DesignCodeTests;
			productName = DesignCodeTests;
			productReference = 0007824824580BEF00646A52 /* DesignCodeTests.xctest */;
			productType = "com.apple.product-type.bundle.unit-test";
		};
		0007825224580BEF00646A52 /* DesignCodeUITests */ = {
			isa = PBXNativeTarget;
			buildConfigurationList = 0007826224580BEF00646A52 /* Build configuration list for PBXNativeTarget "DesignCodeUITests" */;
			buildPhases = (
				0007824F24580BEF00646A52 /* Sources */,
				0007825024580BEF00646A52 /* Frameworks */,
				0007825124580BEF00646A52 /* Resources */,
			);
			buildRules = (
			);
			dependencies = (
				0007825524580BEF00646A52 /* PBXTargetDependency */,
			);
			name = DesignCodeUITests;
			productName = DesignCodeUITests;
			productReference = 0007825324580BEF00646A52 /* DesignCodeUITests.xctest */;
			productType = "com.apple.product-type.bundle.ui-testing";
		};
/* End PBXNativeTarget section */

/* Begin PBXProject section */
		0007822A24580BE600646A52 /* Project object */ = {
			isa = PBXProject;
			attributes = {
				LastSwiftUpdateCheck = 1140;
				LastUpgradeCheck = 1140;
				ORGANIZATIONNAME = ykq;
				TargetAttributes = {
					0007823124580BE600646A52 = {
						CreatedOnToolsVersion = 11.4.1;
					};
					0007824724580BEF00646A52 = {
						CreatedOnToolsVersion = 11.4.1;
						TestTargetID = 0007823124580BE600646A52;
					};
					0007825224580BEF00646A52 = {
						CreatedOnToolsVersion = 11.4.1;
						TestTargetID = 0007823124580BE600646A52;
					};
				};
			};
			buildConfigurationList = 0007822D24580BE600646A52 /* Build configuration list for PBXProject "DesignCode" */;
			compatibilityVersion = "Xcode 9.3";
			developmentRegion = en;
			hasScannedForEncodings = 0;
			knownRegions = (
				en,
				Base,
			);
			mainGroup = 0007822924580BE600646A52;
			productRefGroup = 0007823324580BE600646A52 /* Products */;
			projectDirPath = "";
			projectRoot = "";
			targets = (
				0007823124580BE600646A52 /* DesignCode */,
				0007824724580BEF00646A52 /* DesignCodeTests */,
				0007825224580BEF00646A52 /* DesignCodeUITests */,
			);
		};
/* End PBXProject section */

/* Begin PBXResourcesBuildPhase section */
		0007823024580BE600646A52 /* Resources */ = {
			isa = PBXResourcesBuildPhase;
			buildActionMask = 2147483647;
			files = (
				00094A2124601043008F7C51 /* OFL.txt in Resources */,
				0007824224580BEF00646A52 /* LaunchScreen.storyboard in Resources */,
				00094A2024601043008F7C51 /* ChelseaMarket-Regular.ttf in Resources */,
				0007823F24580BEF00646A52 /* Preview Assets.xcassets in Resources */,
				0007823C24580BEF00646A52 /* Assets.xcassets in Resources */,
			);
			runOnlyForDeploymentPostprocessing = 0;
		};
		0007824624580BEF00646A52 /* Resources */ = {
			isa = PBXResourcesBuildPhase;
			buildActionMask = 2147483647;
			files = (
			);
			runOnlyForDeploymentPostprocessing = 0;
		};
		0007825124580BEF00646A52 /* Resources */ = {
			isa = PBXResourcesBuildPhase;
			buildActionMask = 2147483647;
			files = (
			);
			runOnlyForDeploymentPostprocessing = 0;
		};
/* End PBXResourcesBuildPhase section */

/* Begin PBXSourcesBuildPhase section */
		0007822E24580BE600646A52 /* Sources */ = {
			isa = PBXSourcesBuildPhase;
			buildActionMask = 2147483647;
			files = (
				0007823624580BE600646A52 /* AppDelegate.swift in Sources */,
				00933A75245ACAC5000F8696 /* UpdateStore.swift in Sources */,
				0007826624591A2F00646A52 /* MenuView.swift in Sources */,
				00933A73245AC5F5000F8696 /* UpdateDetailView.swift in Sources */,
				000949EC24600ACE008F7C51 /* Modifiers.swift in Sources */,
				0007823824580BE600646A52 /* SceneDelegate.swift in Sources */,
				000949EA245FE976008F7C51 /* RingView.swift in Sources */,
				00933A71245ABA58000F8696 /* UpdateListView.swift in Sources */,
				00933A6F245973F2000F8696 /* HomeTopView.swift in Sources */,
				0027740124592CF000F2E9F4 /* HomeView.swift in Sources */,
				000949E8245FB9A8008F7C51 /* TabbarView.swift in Sources */,
				00FCD1C1246107440037CDA8 /* CourseListView.swift in Sources */,
				0007823A24580BE600646A52 /* ContentView.swift in Sources */,
			);
			runOnlyForDeploymentPostprocessing = 0;
		};
		0007824424580BEF00646A52 /* Sources */ = {
			isa = PBXSourcesBuildPhase;
			buildActionMask = 2147483647;
			files = (
				0007824D24580BEF00646A52 /* DesignCodeTests.swift in Sources */,
			);
			runOnlyForDeploymentPostprocessing = 0;
		};
		0007824F24580BEF00646A52 /* Sources */ = {
			isa = PBXSourcesBuildPhase;
			buildActionMask = 2147483647;
			files = (
				0007825824580BEF00646A52 /* DesignCodeUITests.swift in Sources */,
			);
			runOnlyForDeploymentPostprocessing = 0;
		};
/* End PBXSourcesBuildPhase section */

/* Begin PBXTargetDependency section */
		0007824A24580BEF00646A52 /* PBXTargetDependency */ = {
			isa = PBXTargetDependency;
			target = 0007823124580BE600646A52 /* DesignCode */;
			targetProxy = 0007824924580BEF00646A52 /* PBXContainerItemProxy */;
		};
		0007825524580BEF00646A52 /* PBXTargetDependency */ = {
			isa = PBXTargetDependency;
			target = 0007823124580BE600646A52 /* DesignCode */;
			targetProxy = 0007825424580BEF00646A52 /* PBXContainerItemProxy */;
		};
/* End PBXTargetDependency section */

/* Begin PBXVariantGroup section */
		0007824024580BEF00646A52 /* LaunchScreen.storyboard */ = {
			isa = PBXVariantGroup;
			children = (
				0007824124580BEF00646A52 /* Base */,
			);
			name = LaunchScreen.storyboard;
			sourceTree = "<group>";
		};
/* End PBXVariantGroup section */

/* Begin XCBuildConfiguration section */
		0007825A24580BEF00646A52 /* Debug */ = {
			isa = XCBuildConfiguration;
			buildSettings = {
				ALWAYS_SEARCH_USER_PATHS = NO;
				CLANG_ANALYZER_NONNULL = YES;
				CLANG_ANALYZER_NUMBER_OBJECT_CONVERSION = YES_AGGRESSIVE;
				CLANG_CXX_LANGUAGE_STANDARD = "gnu++14";
				CLANG_CXX_LIBRARY = "libc++";
				CLANG_ENABLE_MODULES = YES;
				CLANG_ENABLE_OBJC_ARC = YES;
				CLANG_ENABLE_OBJC_WEAK = YES;
				CLANG_WARN_BLOCK_CAPTURE_AUTORELEASING = YES;
				CLANG_WARN_BOOL_CONVERSION = YES;
				CLANG_WARN_COMMA = YES;
				CLANG_WARN_CONSTANT_CONVERSION = YES;
				CLANG_WARN_DEPRECATED_OBJC_IMPLEMENTATIONS = YES;
				CLANG_WARN_DIRECT_OBJC_ISA_USAGE = YES_ERROR;
				CLANG_WARN_DOCUMENTATION_COMMENTS = YES;
				CLANG_WARN_EMPTY_BODY = YES;
				CLANG_WARN_ENUM_CONVERSION = YES;
				CLANG_WARN_INFINITE_RECURSION = YES;
				CLANG_WARN_INT_CONVERSION = YES;
				CLANG_WARN_NON_LITERAL_NULL_CONVERSION = YES;
				CLANG_WARN_OBJC_IMPLICIT_RETAIN_SELF = YES;
				CLANG_WARN_OBJC_LITERAL_CONVERSION = YES;
				CLANG_WARN_OBJC_ROOT_CLASS = YES_ERROR;
				CLANG_WARN_RANGE_LOOP_ANALYSIS = YES;
				CLANG_WARN_STRICT_PROTOTYPES = YES;
				CLANG_WARN_SUSPICIOUS_MOVE = YES;
				CLANG_WARN_UNGUARDED_AVAILABILITY = YES_AGGRESSIVE;
				CLANG_WARN_UNREACHABLE_CODE = YES;
				CLANG_WARN__DUPLICATE_METHOD_MATCH = YES;
				COPY_PHASE_STRIP = NO;
				DEBUG_INFORMATION_FORMAT = dwarf;
				ENABLE_STRICT_OBJC_MSGSEND = YES;
				ENABLE_TESTABILITY = YES;
				GCC_C_LANGUAGE_STANDARD = gnu11;
				GCC_DYNAMIC_NO_PIC = NO;
				GCC_NO_COMMON_BLOCKS = YES;
				GCC_OPTIMIZATION_LEVEL = 0;
				GCC_PREPROCESSOR_DEFINITIONS = (
					"DEBUG=1",
					"$(inherited)",
				);
				GCC_WARN_64_TO_32_BIT_CONVERSION = YES;
				GCC_WARN_ABOUT_RETURN_TYPE = YES_ERROR;
				GCC_WARN_UNDECLARED_SELECTOR = YES;
				GCC_WARN_UNINITIALIZED_AUTOS = YES_AGGRESSIVE;
				GCC_WARN_UNUSED_FUNCTION = YES;
				GCC_WARN_UNUSED_VARIABLE = YES;
				IPHONEOS_DEPLOYMENT_TARGET = 13.4;
				MTL_ENABLE_DEBUG_INFO = INCLUDE_SOURCE;
				MTL_FAST_MATH = YES;
				ONLY_ACTIVE_ARCH = YES;
				SDKROOT = iphoneos;
				SWIFT_ACTIVE_COMPILATION_CONDITIONS = DEBUG;
				SWIFT_OPTIMIZATION_LEVEL = "-Onone";
			};
			name = Debug;
		};
		0007825B24580BEF00646A52 /* Release */ = {
			isa = XCBuildConfiguration;
			buildSettings = {
				ALWAYS_SEARCH_USER_PATHS = NO;
				CLANG_ANALYZER_NONNULL = YES;
				CLANG_ANALYZER_NUMBER_OBJECT_CONVERSION = YES_AGGRESSIVE;
				CLANG_CXX_LANGUAGE_STANDARD = "gnu++14";
				CLANG_CXX_LIBRARY = "libc++";
				CLANG_ENABLE_MODULES = YES;
				CLANG_ENABLE_OBJC_ARC = YES;
				CLANG_ENABLE_OBJC_WEAK = YES;
				CLANG_WARN_BLOCK_CAPTURE_AUTORELEASING = YES;
				CLANG_WARN_BOOL_CONVERSION = YES;
				CLANG_WARN_COMMA = YES;
				CLANG_WARN_CONSTANT_CONVERSION = YES;
				CLANG_WARN_DEPRECATED_OBJC_IMPLEMENTATIONS = YES;
				CLANG_WARN_DIRECT_OBJC_ISA_USAGE = YES_ERROR;
				CLANG_WARN_DOCUMENTATION_COMMENTS = YES;
				CLANG_WARN_EMPTY_BODY = YES;
				CLANG_WARN_ENUM_CONVERSION = YES;
				CLANG_WARN_INFINITE_RECURSION = YES;
				CLANG_WARN_INT_CONVERSION = YES;
				CLANG_WARN_NON_LITERAL_NULL_CONVERSION = YES;
				CLANG_WARN_OBJC_IMPLICIT_RETAIN_SELF = YES;
				CLANG_WARN_OBJC_LITERAL_CONVERSION = YES;
				CLANG_WARN_OBJC_ROOT_CLASS = YES_ERROR;
				CLANG_WARN_RANGE_LOOP_ANALYSIS = YES;
				CLANG_WARN_STRICT_PROTOTYPES = YES;
				CLANG_WARN_SUSPICIOUS_MOVE = YES;
				CLANG_WARN_UNGUARDED_AVAILABILITY = YES_AGGRESSIVE;
				CLANG_WARN_UNREACHABLE_CODE = YES;
				CLANG_WARN__DUPLICATE_METHOD_MATCH = YES;
				COPY_PHASE_STRIP = NO;
				DEBUG_INFORMATION_FORMAT = "dwarf-with-dsym";
				ENABLE_NS_ASSERTIONS = NO;
				ENABLE_STRICT_OBJC_MSGSEND = YES;
				GCC_C_LANGUAGE_STANDARD = gnu11;
				GCC_NO_COMMON_BLOCKS = YES;
				GCC_WARN_64_TO_32_BIT_CONVERSION = YES;
				GCC_WARN_ABOUT_RETURN_TYPE = YES_ERROR;
				GCC_WARN_UNDECLARED_SELECTOR = YES;
				GCC_WARN_UNINITIALIZED_AUTOS = YES_AGGRESSIVE;
				GCC_WARN_UNUSED_FUNCTION = YES;
				GCC_WARN_UNUSED_VARIABLE = YES;
				IPHONEOS_DEPLOYMENT_TARGET = 13.4;
				MTL_ENABLE_DEBUG_INFO = NO;
				MTL_FAST_MATH = YES;
				SDKROOT = iphoneos;
				SWIFT_COMPILATION_MODE = wholemodule;
				SWIFT_OPTIMIZATION_LEVEL = "-O";
				VALIDATE_PRODUCT = YES;
			};
			name = Release;
		};
		0007825D24580BEF00646A52 /* Debug */ = {
			isa = XCBuildConfiguration;
			buildSettings = {
				ASSETCATALOG_COMPILER_APPICON_NAME = AppIcon;
				CODE_SIGN_STYLE = Automatic;
				DEVELOPMENT_ASSET_PATHS = "\"DesignCode/Preview Content\"";
				DEVELOPMENT_TEAM = F438GUQ9AS;
				ENABLE_PREVIEWS = YES;
				INFOPLIST_FILE = DesignCode/Info.plist;
				LD_RUNPATH_SEARCH_PATHS = (
					"$(inherited)",
					"@executable_path/Frameworks",
				);
				PRODUCT_BUNDLE_IDENTIFIER = com.ykq.DesignCode;
				PRODUCT_NAME = "$(TARGET_NAME)";
				SWIFT_VERSION = 5.0;
				TARGETED_DEVICE_FAMILY = "1,2";
			};
			name = Debug;
		};
		0007825E24580BEF00646A52 /* Release */ = {
			isa = XCBuildConfiguration;
			buildSettings = {
				ASSETCATALOG_COMPILER_APPICON_NAME = AppIcon;
				CODE_SIGN_STYLE = Automatic;
				DEVELOPMENT_ASSET_PATHS = "\"DesignCode/Preview Content\"";
				DEVELOPMENT_TEAM = F438GUQ9AS;
				ENABLE_PREVIEWS = YES;
				INFOPLIST_FILE = DesignCode/Info.plist;
				LD_RUNPATH_SEARCH_PATHS = (
					"$(inherited)",
					"@executable_path/Frameworks",
				);
				PRODUCT_BUNDLE_IDENTIFIER = com.ykq.DesignCode;
				PRODUCT_NAME = "$(TARGET_NAME)";
				SWIFT_VERSION = 5.0;
				TARGETED_DEVICE_FAMILY = "1,2";
			};
			name = Release;
		};
		0007826024580BEF00646A52 /* Debug */ = {
			isa = XCBuildConfiguration;
			buildSettings = {
				ALWAYS_EMBED_SWIFT_STANDARD_LIBRARIES = YES;
				BUNDLE_LOADER = "$(TEST_HOST)";
				CODE_SIGN_STYLE = Automatic;
				DEVELOPMENT_TEAM = F438GUQ9AS;
				INFOPLIST_FILE = DesignCodeTests/Info.plist;
				IPHONEOS_DEPLOYMENT_TARGET = 13.4;
				LD_RUNPATH_SEARCH_PATHS = (
					"$(inherited)",
					"@executable_path/Frameworks",
					"@loader_path/Frameworks",
				);
				PRODUCT_BUNDLE_IDENTIFIER = com.ykq.DesignCodeTests;
				PRODUCT_NAME = "$(TARGET_NAME)";
				SWIFT_VERSION = 5.0;
				TARGETED_DEVICE_FAMILY = "1,2";
				TEST_HOST = "$(BUILT_PRODUCTS_DIR)/DesignCode.app/DesignCode";
			};
			name = Debug;
		};
		0007826124580BEF00646A52 /* Release */ = {
			isa = XCBuildConfiguration;
			buildSettings = {
				ALWAYS_EMBED_SWIFT_STANDARD_LIBRARIES = YES;
				BUNDLE_LOADER = "$(TEST_HOST)";
				CODE_SIGN_STYLE = Automatic;
				DEVELOPMENT_TEAM = F438GUQ9AS;
				INFOPLIST_FILE = DesignCodeTests/Info.plist;
				IPHONEOS_DEPLOYMENT_TARGET = 13.4;
				LD_RUNPATH_SEARCH_PATHS = (
					"$(inherited)",
					"@executable_path/Frameworks",
					"@loader_path/Frameworks",
				);
				PRODUCT_BUNDLE_IDENTIFIER = com.ykq.DesignCodeTests;
				PRODUCT_NAME = "$(TARGET_NAME)";
				SWIFT_VERSION = 5.0;
				TARGETED_DEVICE_FAMILY = "1,2";
				TEST_HOST = "$(BUILT_PRODUCTS_DIR)/DesignCode.app/DesignCode";
			};
			name = Release;
		};
		0007826324580BEF00646A52 /* Debug */ = {
			isa = XCBuildConfiguration;
			buildSettings = {
				ALWAYS_EMBED_SWIFT_STANDARD_LIBRARIES = YES;
				CODE_SIGN_STYLE = Automatic;
				DEVELOPMENT_TEAM = F438GUQ9AS;
				INFOPLIST_FILE = DesignCodeUITests/Info.plist;
				LD_RUNPATH_SEARCH_PATHS = (
					"$(inherited)",
					"@executable_path/Frameworks",
					"@loader_path/Frameworks",
				);
				PRODUCT_BUNDLE_IDENTIFIER = com.ykq.DesignCodeUITests;
				PRODUCT_NAME = "$(TARGET_NAME)";
				SWIFT_VERSION = 5.0;
				TARGETED_DEVICE_FAMILY = "1,2";
				TEST_TARGET_NAME = DesignCode;
			};
			name = Debug;
		};
		0007826424580BEF00646A52 /* Release */ = {
			isa = XCBuildConfiguration;
			buildSettings = {
				ALWAYS_EMBED_SWIFT_STANDARD_LIBRARIES = YES;
				CODE_SIGN_STYLE = Automatic;
				DEVELOPMENT_TEAM = F438GUQ9AS;
				INFOPLIST_FILE = DesignCodeUITests/Info.plist;
				LD_RUNPATH_SEARCH_PATHS = (
					"$(inherited)",
					"@executable_path/Frameworks",
					"@loader_path/Frameworks",
				);
				PRODUCT_BUNDLE_IDENTIFIER = com.ykq.DesignCodeUITests;
				PRODUCT_NAME = "$(TARGET_NAME)";
				SWIFT_VERSION = 5.0;
				TARGETED_DEVICE_FAMILY = "1,2";
				TEST_TARGET_NAME = DesignCode;
			};
			name = Release;
		};
/* End XCBuildConfiguration section */

/* Begin XCConfigurationList section */
		0007822D24580BE600646A52 /* Build configuration list for PBXProject "DesignCode" */ = {
			isa = XCConfigurationList;
			buildConfigurations = (
				0007825A24580BEF00646A52 /* Debug */,
				0007825B24580BEF00646A52 /* Release */,
			);
			defaultConfigurationIsVisible = 0;
			defaultConfigurationName = Release;
		};
		0007825C24580BEF00646A52 /* Build configuration list for PBXNativeTarget "DesignCode" */ = {
			isa = XCConfigurationList;
			buildConfigurations = (
				0007825D24580BEF00646A52 /* Debug */,
				0007825E24580BEF00646A52 /* Release */,
			);
			defaultConfigurationIsVisible = 0;
			defaultConfigurationName = Release;
		};
		0007825F24580BEF00646A52 /* Build configuration list for PBXNativeTarget "DesignCodeTests" */ = {
			isa = XCConfigurationList;
			buildConfigurations = (
				0007826024580BEF00646A52 /* Debug */,
				0007826124580BEF00646A52 /* Release */,
			);
			defaultConfigurationIsVisible = 0;
			defaultConfigurationName = Release;
		};
		0007826224580BEF00646A52 /* Build configuration list for PBXNativeTarget "DesignCodeUITests" */ = {
			isa = XCConfigurationList;
			buildConfigurations = (
				0007826324580BEF00646A52 /* Debug */,
				0007826424580BEF00646A52 /* Release */,
			);
			defaultConfigurationIsVisible = 0;
			defaultConfigurationName = Release;
		};
/* End XCConfigurationList section */
	};
	rootObject = 0007822A24580BE600646A52 /* Project object */;
}
